Microsoft Visual Studio Solution File, Format Version 10.00
# Visual Studio 2008

Project("{C599FED9-35B3-A2EE-517B-414D36B027A1}") = "Fluids", "Assembly-CSharp.csproj", "{0B5A4EC7-03BD-A0F8-38D1-690C962D643B}"
EndProject
Project("{C599FED9-35B3-A2EE-517B-414D36B027A1}") = "Fluids", "Assembly-UnityScript.unityproj", "{2FC4C45E-A76E-CE1A-B27A-C7C7384328C1}"
EndProject
Global
	GlobalSection(SolutionConfigurationPlatforms) = preSolution
		Debug|Any CPU = Debug|Any CPU
		Release|Any CPU = Release|Any CPU
	EndGlobalSection
	GlobalSection(ProjectConfigurationPlatforms) = postSolution
		{0B5A4EC7-03BD-A0F8-38D1-690C962D643B}.Debug|Any CPU.ActiveCfg = Debug|Any CPU
		{0B5A4EC7-03BD-A0F8-38D1-690C962D643B}.Debug|Any CPU.Build.0 = Debug|Any CPU
		{0B5A4EC7-03BD-A0F8-38D1-690C962D643B}.Release|Any CPU.ActiveCfg = Release|Any CPU
		{0B5A4EC7-03BD-A0F8-38D1-690C962D643B}.Release|Any CPU.Build.0 = Release|Any CPU
		{2FC4C45E-A76E-CE1A-B27A-C7C7384328C1}.Debug|Any CPU.ActiveCfg = Debug|Any CPU
		{2FC4C45E-A76E-CE1A-B27A-C7C7384328C1}.Debug|Any CPU.Build.0 = Debug|Any CPU
		{2FC4C45E-A76E-CE1A-B27A-C7C7384328C1}.Release|Any CPU.ActiveCfg = Release|Any CPU
		{2FC4C45E-A76E-CE1A-B27A-C7C7384328C1}.Release|Any CPU.Build.0 = Release|Any CPU
	EndGlobalSection
	GlobalSection(SolutionProperties) = preSolution
		HideSolutionNode = FALSE
	EndGlobalSection
	
EndGlobal
